
Microsoft Visual Studio Solution File, Format Version 12.00
# Visual Studio Version 17
VisualStudioVersion = 17.8.34316.72
MinimumVisualStudioVersion = 10.0.40219.1
Project("{FAE04EC0-301F-11D3-BF4B-00C04F79EFBC}") = "SacMP", "SacMP\SacMP.csproj", "{1901D4CB-3BCA-4062-B486-D0B7E6AEA3CD}"
EndProject
Global
	GlobalSection(SolutionConfigurationPlatforms) = preSolution
		Debug|Any CPU = Debug|Any CPU
		Release|Any CPU = Release|Any CPU
	EndGlobalSection
	GlobalSection(ProjectConfigurationPlatforms) = postSolution
		{1901D4CB-3BCA-4062-B486-D0B7E6AEA3CD}.Debug|Any CPU.ActiveCfg = Debug|Any CPU
		{1901D4CB-3BCA-4062-B486-D0B7E6AEA3CD}.Debug|Any CPU.Build.0 = Debug|Any CPU
		{1901D4CB-3BCA-4062-B486-D0B7E6AEA3CD}.Release|Any CPU.ActiveCfg = Release|Any CPU
		{1901D4CB-3BCA-4062-B486-D0B7E6AEA3CD}.Release|Any CPU.Build.0 = Release|Any CPU
	EndGlobalSection
	GlobalSection(SolutionProperties) = preSolution
		HideSolutionNode = FALSE
	EndGlobalSection
	GlobalSection(ExtensibilityGlobals) = postSolution
		SolutionGuid = {5431758D-80C9-441C-829C-69D28497E455}
	EndGlobalSection
EndGlobal
